
Microsoft Visual Studio Solution File, Format Version 12.00
# Visual Studio Version 17
VisualStudioVersion = 17.8.34330.188
MinimumVisualStudioVersion = 10.0.40219.1
Project("{2150E333-8FDC-42A3-9474-1A3956D46DE8}") = "1. Enterprise Business Rules", "1. Enterprise Business Rules", "{0B99EED1-74C9-4CCC-9DC6-D5572C3116AE}"
EndProject
Project("{2150E333-8FDC-42A3-9474-1A3956D46DE8}") = "2. Application Business Rules", "2. Application Business Rules", "{309C05C3-7BE1-46AB-A1A5-205728483C75}"
EndProject
Project("{2150E333-8FDC-42A3-9474-1A3956D46DE8}") = "3. Interface Adapters", "3. Interface Adapters", "{4A5A76FC-B429-4E09-BAB9-2B982AB14949}"
EndProject
Project("{2150E333-8FDC-42A3-9474-1A3956D46DE8}") = "4. Frameworks And Drivers", "4. Frameworks And Drivers", "{D1D1EF71-BE5A-4A75-ACCB-BA5DD86F2E2E}"
EndProject
Project("{9A19103F-16F7-4668-BE54-9A1E7A4F7556}") = "NorthWind.Entities", "NorthWind.Entities\NorthWind.Entities.csproj", "{E8B7AF88-AF26-4055-B993-1FCC37244716}"
EndProject
Project("{9A19103F-16F7-4668-BE54-9A1E7A4F7556}") = "NorthWind.Sales.BusinessObjects", "NorthWind.Sales.BusinessObjects\NorthWind.Sales.BusinessObjects.csproj", "{9FA272C1-E8F4-4D0C-8A0A-67B6DD9F6670}"
EndProject
Project("{9A19103F-16F7-4668-BE54-9A1E7A4F7556}") = "NorthWind.Sales.UseCases", "NorthWind.Sales.UseCases\NorthWind.Sales.UseCases.csproj", "{5E74AF2F-F132-4800-ADCC-4E3B8AFE96D0}"
EndProject
Project("{2150E333-8FDC-42A3-9474-1A3956D46DE8}") = "Gateways", "Gateways", "{11E85CFD-1886-4B8C-9C28-B0687681AAF3}"
EndProject
Project("{2150E333-8FDC-42A3-9474-1A3956D46DE8}") = "Repositories", "Repositories", "{ACF3F64D-E02B-4E23-9B13-67E059DD317D}"
EndProject
Project("{9A19103F-16F7-4668-BE54-9A1E7A4F7556}") = "NorthWind.EFCore.Repositories", "NorthWind.EFCore.Repositories\NorthWind.EFCore.Repositories.csproj", "{4A5824FA-0CBC-44A1-9500-3F6CDC0CA435}"
EndProject
Project("{9A19103F-16F7-4668-BE54-9A1E7A4F7556}") = "NorthWind.Sales.IoC", "NorthWind.Sales.IoC\NorthWind.Sales.IoC.csproj", "{B763FFBC-C402-4F03-8B0C-331F2400FB94}"
EndProject
Project("{9A19103F-16F7-4668-BE54-9A1E7A4F7556}") = "NorthWind.Sales.Controllers", "NorthWind.Sales.Controllers\NorthWind.Sales.Controllers.csproj", "{8C8F5432-CF4C-4674-A700-5CC1A5B8A39E}"
EndProject
Project("{9A19103F-16F7-4668-BE54-9A1E7A4F7556}") = "NorthWind.Sales.Presenters", "NorthWind.Sales.Presenters\NorthWind.Sales.Presenters.csproj", "{379BD1BE-CE34-4B38-B4A3-95F7A75508F3}"
EndProject
Project("{9A19103F-16F7-4668-BE54-9A1E7A4F7556}") = "NorthWind.Sales.WebApi", "NorthWind.Sales.WebApi\NorthWind.Sales.WebApi.csproj", "{16D57B7B-6C9F-48F4-BF55-B50BAB70FDE4}"
EndProject
Project("{2150E333-8FDC-42A3-9474-1A3956D46DE8}") = "Controllers", "Controllers", "{E10B1DF8-3762-497B-BE29-0F99FC9D79F6}"
EndProject
Project("{2150E333-8FDC-42A3-9474-1A3956D46DE8}") = "Presenters", "Presenters", "{540F108D-F245-49E4-BC61-CDD6FFFED11C}"
EndProject
Project("{2150E333-8FDC-42A3-9474-1A3956D46DE8}") = "UIs", "UIs", "{E592BFDD-1CEC-44B3-8AB9-ECFABC473ADD}"
EndProject
Global
	GlobalSection(SolutionConfigurationPlatforms) = preSolution
		Debug|Any CPU = Debug|Any CPU
		Release|Any CPU = Release|Any CPU
	EndGlobalSection
	GlobalSection(ProjectConfigurationPlatforms) = postSolution
		{E8B7AF88-AF26-4055-B993-1FCC37244716}.Debug|Any CPU.ActiveCfg = Debug|Any CPU
		{E8B7AF88-AF26-4055-B993-1FCC37244716}.Debug|Any CPU.Build.0 = Debug|Any CPU
		{E8B7AF88-AF26-4055-B993-1FCC37244716}.Release|Any CPU.ActiveCfg = Release|Any CPU
		{E8B7AF88-AF26-4055-B993-1FCC37244716}.Release|Any CPU.Build.0 = Release|Any CPU
		{9FA272C1-E8F4-4D0C-8A0A-67B6DD9F6670}.Debug|Any CPU.ActiveCfg = Debug|Any CPU
		{9FA272C1-E8F4-4D0C-8A0A-67B6DD9F6670}.Debug|Any CPU.Build.0 = Debug|Any CPU
		{9FA272C1-E8F4-4D0C-8A0A-67B6DD9F6670}.Release|Any CPU.ActiveCfg = Release|Any CPU
		{9FA272C1-E8F4-4D0C-8A0A-67B6DD9F6670}.Release|Any CPU.Build.0 = Release|Any CPU
		{5E74AF2F-F132-4800-ADCC-4E3B8AFE96D0}.Debug|Any CPU.ActiveCfg = Debug|Any CPU
		{5E74AF2F-F132-4800-ADCC-4E3B8AFE96D0}.Debug|Any CPU.Build.0 = Debug|Any CPU
		{5E74AF2F-F132-4800-ADCC-4E3B8AFE96D0}.Release|Any CPU.ActiveCfg = Release|Any CPU
		{5E74AF2F-F132-4800-ADCC-4E3B8AFE96D0}.Release|Any CPU.Build.0 = Release|Any CPU
		{4A5824FA-0CBC-44A1-9500-3F6CDC0CA435}.Debug|Any CPU.ActiveCfg = Debug|Any CPU
		{4A5824FA-0CBC-44A1-9500-3F6CDC0CA435}.Debug|Any CPU.Build.0 = Debug|Any CPU
		{4A5824FA-0CBC-44A1-9500-3F6CDC0CA435}.Release|Any CPU.ActiveCfg = Release|Any CPU
		{4A5824FA-0CBC-44A1-9500-3F6CDC0CA435}.Release|Any CPU.Build.0 = Release|Any CPU
		{B763FFBC-C402-4F03-8B0C-331F2400FB94}.Debug|Any CPU.ActiveCfg = Debug|Any CPU
		{B763FFBC-C402-4F03-8B0C-331F2400FB94}.Debug|Any CPU.Build.0 = Debug|Any CPU
		{B763FFBC-C402-4F03-8B0C-331F2400FB94}.Release|Any CPU.ActiveCfg = Release|Any CPU
		{B763FFBC-C402-4F03-8B0C-331F2400FB94}.Release|Any CPU.Build.0 = Release|Any CPU
		{8C8F5432-CF4C-4674-A700-5CC1A5B8A39E}.Debug|Any CPU.ActiveCfg = Debug|Any CPU
		{8C8F5432-CF4C-4674-A700-5CC1A5B8A39E}.Debug|Any CPU.Build.0 = Debug|Any CPU
		{8C8F5432-CF4C-4674-A700-5CC1A5B8A39E}.Release|Any CPU.ActiveCfg = Release|Any CPU
		{8C8F5432-CF4C-4674-A700-5CC1A5B8A39E}.Release|Any CPU.Build.0 = Release|Any CPU
		{379BD1BE-CE34-4B38-B4A3-95F7A75508F3}.Debug|Any CPU.ActiveCfg = Debug|Any CPU
		{379BD1BE-CE34-4B38-B4A3-95F7A75508F3}.Debug|Any CPU.Build.0 = Debug|Any CPU
		{379BD1BE-CE34-4B38-B4A3-95F7A75508F3}.Release|Any CPU.ActiveCfg = Release|Any CPU
		{379BD1BE-CE34-4B38-B4A3-95F7A75508F3}.Release|Any CPU.Build.0 = Release|Any CPU
		{16D57B7B-6C9F-48F4-BF55-B50BAB70FDE4}.Debug|Any CPU.ActiveCfg = Debug|Any CPU
		{16D57B7B-6C9F-48F4-BF55-B50BAB70FDE4}.Debug|Any CPU.Build.0 = Debug|Any CPU
		{16D57B7B-6C9F-48F4-BF55-B50BAB70FDE4}.Release|Any CPU.ActiveCfg = Release|Any CPU
		{16D57B7B-6C9F-48F4-BF55-B50BAB70FDE4}.Release|Any CPU.Build.0 = Release|Any CPU
	EndGlobalSection
	GlobalSection(SolutionProperties) = preSolution
		HideSolutionNode = FALSE
	EndGlobalSection
	GlobalSection(NestedProjects) = preSolution
		{E8B7AF88-AF26-4055-B993-1FCC37244716} = {0B99EED1-74C9-4CCC-9DC6-D5572C3116AE}
		{9FA272C1-E8F4-4D0C-8A0A-67B6DD9F6670} = {309C05C3-7BE1-46AB-A1A5-205728483C75}
		{5E74AF2F-F132-4800-ADCC-4E3B8AFE96D0} = {309C05C3-7BE1-46AB-A1A5-205728483C75}
		{11E85CFD-1886-4B8C-9C28-B0687681AAF3} = {4A5A76FC-B429-4E09-BAB9-2B982AB14949}
		{ACF3F64D-E02B-4E23-9B13-67E059DD317D} = {11E85CFD-1886-4B8C-9C28-B0687681AAF3}
		{4A5824FA-0CBC-44A1-9500-3F6CDC0CA435} = {ACF3F64D-E02B-4E23-9B13-67E059DD317D}
		{B763FFBC-C402-4F03-8B0C-331F2400FB94} = {4A5A76FC-B429-4E09-BAB9-2B982AB14949}
		{8C8F5432-CF4C-4674-A700-5CC1A5B8A39E} = {E10B1DF8-3762-497B-BE29-0F99FC9D79F6}
		{379BD1BE-CE34-4B38-B4A3-95F7A75508F3} = {540F108D-F245-49E4-BC61-CDD6FFFED11C}
		{16D57B7B-6C9F-48F4-BF55-B50BAB70FDE4} = {E592BFDD-1CEC-44B3-8AB9-ECFABC473ADD}
		{E10B1DF8-3762-497B-BE29-0F99FC9D79F6} = {4A5A76FC-B429-4E09-BAB9-2B982AB14949}
		{540F108D-F245-49E4-BC61-CDD6FFFED11C} = {4A5A76FC-B429-4E09-BAB9-2B982AB14949}
		{E592BFDD-1CEC-44B3-8AB9-ECFABC473ADD} = {D1D1EF71-BE5A-4A75-ACCB-BA5DD86F2E2E}
	EndGlobalSection
	GlobalSection(ExtensibilityGlobals) = postSolution
		SolutionGuid = {A1D97B65-A875-41E8-81C3-ABC0561E6EC3}
	EndGlobalSection
EndGlobal
